
Microsoft Visual Studio Solution File, Format Version 12.00
# Visual Studio 15
VisualStudioVersion = 15.0.26730.12
MinimumVisualStudioVersion = 10.0.40219.1
Project("{FAE04EC0-301F-11D3-BF4B-00C04F79EFBC}") = "shiftskn", "shiftskn\shiftskn.csproj", "{93CE219A-8F1F-41B6-9879-6D2ECCEBC984}"
EndProject
Global
	GlobalSection(SolutionConfigurationPlatforms) = preSolution
		Debug|Any CPU = Debug|Any CPU
		Release|Any CPU = Release|Any CPU
	EndGlobalSection
	GlobalSection(ProjectConfigurationPlatforms) = postSolution
		{93CE219A-8F1F-41B6-9879-6D2ECCEBC984}.Debug|Any CPU.ActiveCfg = Debug|Any CPU
		{93CE219A-8F1F-41B6-9879-6D2ECCEBC984}.Debug|Any CPU.Build.0 = Debug|Any CPU
		{93CE219A-8F1F-41B6-9879-6D2ECCEBC984}.Release|Any CPU.ActiveCfg = Release|Any CPU
		{93CE219A-8F1F-41B6-9879-6D2ECCEBC984}.Release|Any CPU.Build.0 = Release|Any CPU
	EndGlobalSection
	GlobalSection(SolutionProperties) = preSolution
		HideSolutionNode = FALSE
	EndGlobalSection
	GlobalSection(ExtensibilityGlobals) = postSolution
		SolutionGuid = {905469C2-9FEE-4996-9A37-CEFCE34414F8}
	EndGlobalSection
EndGlobal
